
Microsoft Visual Studio Solution File, Format Version 12.00
# Visual Studio Version 17
VisualStudioVersion = 17.0.31919.166
MinimumVisualStudioVersion = 10.0.40219.1
Project("{FAE04EC0-301F-11D3-BF4B-00C04F79EFBC}") = "EX 1.2", "EX 1.2\EX 1.2.csproj", "{126AF385-B114-4741-9963-1133DB14AE28}"
EndProject
Global
	GlobalSection(SolutionConfigurationPlatforms) = preSolution
		Debug|Any CPU = Debug|Any CPU
		Release|Any CPU = Release|Any CPU
	EndGlobalSection
	GlobalSection(ProjectConfigurationPlatforms) = postSolution
		{126AF385-B114-4741-9963-1133DB14AE28}.Debug|Any CPU.ActiveCfg = Debug|Any CPU
		{126AF385-B114-4741-9963-1133DB14AE28}.Debug|Any CPU.Build.0 = Debug|Any CPU
		{126AF385-B114-4741-9963-1133DB14AE28}.Release|Any CPU.ActiveCfg = Release|Any CPU
		{126AF385-B114-4741-9963-1133DB14AE28}.Release|Any CPU.Build.0 = Release|Any CPU
	EndGlobalSection
	GlobalSection(SolutionProperties) = preSolution
		HideSolutionNode = FALSE
	EndGlobalSection
	GlobalSection(ExtensibilityGlobals) = postSolution
		SolutionGuid = {1553C7D3-8B4B-419E-AE86-96D9999F186B}
	EndGlobalSection
EndGlobal
