
Microsoft Visual Studio Solution File, Format Version 12.00
# Visual Studio Version 17
VisualStudioVersion = 17.0.31919.166
MinimumVisualStudioVersion = 10.0.40219.1
Project("{FAE04EC0-301F-11D3-BF4B-00C04F79EFBC}") = "EX 9.2", "EX 9.2\EX 9.2.csproj", "{78717459-987B-4637-A47A-3152DAD5A4DF}"
EndProject
Global
	GlobalSection(SolutionConfigurationPlatforms) = preSolution
		Debug|Any CPU = Debug|Any CPU
		Release|Any CPU = Release|Any CPU
	EndGlobalSection
	GlobalSection(ProjectConfigurationPlatforms) = postSolution
		{78717459-987B-4637-A47A-3152DAD5A4DF}.Debug|Any CPU.ActiveCfg = Debug|Any CPU
		{78717459-987B-4637-A47A-3152DAD5A4DF}.Debug|Any CPU.Build.0 = Debug|Any CPU
		{78717459-987B-4637-A47A-3152DAD5A4DF}.Release|Any CPU.ActiveCfg = Release|Any CPU
		{78717459-987B-4637-A47A-3152DAD5A4DF}.Release|Any CPU.Build.0 = Release|Any CPU
	EndGlobalSection
	GlobalSection(SolutionProperties) = preSolution
		HideSolutionNode = FALSE
	EndGlobalSection
	GlobalSection(ExtensibilityGlobals) = postSolution
		SolutionGuid = {FBFC3BF0-EA5A-4DDA-9343-90632C4A54D4}
	EndGlobalSection
EndGlobal
