
Microsoft Visual Studio Solution File, Format Version 12.00
# Visual Studio Version 17
VisualStudioVersion = 17.0.31919.166
MinimumVisualStudioVersion = 10.0.40219.1
Project("{FAE04EC0-301F-11D3-BF4B-00C04F79EFBC}") = "EX 11.2", "EX 11.2\EX 11.2.csproj", "{3393B132-0A63-4A3A-9F05-7864D1CA79DA}"
EndProject
Global
	GlobalSection(SolutionConfigurationPlatforms) = preSolution
		Debug|Any CPU = Debug|Any CPU
		Release|Any CPU = Release|Any CPU
	EndGlobalSection
	GlobalSection(ProjectConfigurationPlatforms) = postSolution
		{3393B132-0A63-4A3A-9F05-7864D1CA79DA}.Debug|Any CPU.ActiveCfg = Debug|Any CPU
		{3393B132-0A63-4A3A-9F05-7864D1CA79DA}.Debug|Any CPU.Build.0 = Debug|Any CPU
		{3393B132-0A63-4A3A-9F05-7864D1CA79DA}.Release|Any CPU.ActiveCfg = Release|Any CPU
		{3393B132-0A63-4A3A-9F05-7864D1CA79DA}.Release|Any CPU.Build.0 = Release|Any CPU
	EndGlobalSection
	GlobalSection(SolutionProperties) = preSolution
		HideSolutionNode = FALSE
	EndGlobalSection
	GlobalSection(ExtensibilityGlobals) = postSolution
		SolutionGuid = {9530165F-B7F6-4EB3-9676-E8617D565EBA}
	EndGlobalSection
EndGlobal
