
Microsoft Visual Studio Solution File, Format Version 12.00
# Visual Studio Version 17
VisualStudioVersion = 17.0.31919.166
MinimumVisualStudioVersion = 10.0.40219.1
Project("{FAE04EC0-301F-11D3-BF4B-00C04F79EFBC}") = "EX 4.2", "EX 4.2\EX 4.2.csproj", "{08ED0827-D0ED-4DAD-A21C-1C7FEF9E6F4B}"
EndProject
Global
	GlobalSection(SolutionConfigurationPlatforms) = preSolution
		Debug|Any CPU = Debug|Any CPU
		Release|Any CPU = Release|Any CPU
	EndGlobalSection
	GlobalSection(ProjectConfigurationPlatforms) = postSolution
		{08ED0827-D0ED-4DAD-A21C-1C7FEF9E6F4B}.Debug|Any CPU.ActiveCfg = Debug|Any CPU
		{08ED0827-D0ED-4DAD-A21C-1C7FEF9E6F4B}.Debug|Any CPU.Build.0 = Debug|Any CPU
		{08ED0827-D0ED-4DAD-A21C-1C7FEF9E6F4B}.Release|Any CPU.ActiveCfg = Release|Any CPU
		{08ED0827-D0ED-4DAD-A21C-1C7FEF9E6F4B}.Release|Any CPU.Build.0 = Release|Any CPU
	EndGlobalSection
	GlobalSection(SolutionProperties) = preSolution
		HideSolutionNode = FALSE
	EndGlobalSection
	GlobalSection(ExtensibilityGlobals) = postSolution
		SolutionGuid = {471D240F-FDC5-48EF-98A6-872020D7E42E}
	EndGlobalSection
EndGlobal
